{
  "name": "manual",
  "version": "0.1.0",
  "lockfileVersion": 2,
  "requires": true,
  "packages": {
    "": {
      "name": "manual",
      "version": "0.1.0",
      "devDependencies": {
        "@asciidoctor/core": "^4.0.7",
        "mathjax": "^4.1.3"
      }
    },
    "node_modules/@asciidoctor/core": {
      "version": "4.0.7",
      "resolved": "https://registry.npmjs.org/@asciidoctor/core/-/core-4.0.7.tgz",
      "integrity": "sha512-uJFZD/Ca2+z8rC9Sq5ih7HkpmzoeJXkXCDEoilNRCnXMw33k2zh5U2RhIGvm+t9JFxDjEs/KtzRdD9ugoG+f9A==",
      "dev": true,
      "engines": {
        "node": ">=20"
      }
    },
    "node_modules/@mathjax/mathjax-newcm-font": {
      "version": "4.1.3",
      "resolved": "https://registry.npmjs.org/@mathjax/mathjax-newcm-font/-/mathjax-newcm-font-4.1.3.tgz",
      "integrity": "sha512-gzAB3dFHilHX1l5x2xUqRL+1jDQt3Fyza1DkEMVXWC4E8SvsGdlgEza47HYi2WhVcgfkvf4zgUGzuhbq3Pjlew==",
      "dev": true,
      "license": "Apache-2.0"
    },
    "node_modules/mathjax": {
      "version": "4.1.3",
      "resolved": "https://registry.npmjs.org/mathjax/-/mathjax-4.1.3.tgz",
      "integrity": "sha512-BN/8Pkgn7G1pIDYJqd9md+JHsE/jydSYbyOZnSdSA0WziuVO8mRxdYiWFumkVVly/8U+hm9DpIIoWuvySverzw==",
      "dev": true,
      "license": "Apache-2.0",
      "dependencies": {
        "@mathjax/mathjax-newcm-font": "^4.1.3"
      }
    }
  },
  "dependencies": {
    "@asciidoctor/core": {
      "version": "4.0.7",
      "resolved": "https://registry.npmjs.org/@asciidoctor/core/-/core-4.0.7.tgz",
      "integrity": "sha512-uJFZD/Ca2+z8rC9Sq5ih7HkpmzoeJXkXCDEoilNRCnXMw33k2zh5U2RhIGvm+t9JFxDjEs/KtzRdD9ugoG+f9A==",
      "dev": true
    },
    "@mathjax/mathjax-newcm-font": {
      "version": "4.1.3",
      "resolved": "https://registry.npmjs.org/@mathjax/mathjax-newcm-font/-/mathjax-newcm-font-4.1.3.tgz",
      "integrity": "sha512-gzAB3dFHilHX1l5x2xUqRL+1jDQt3Fyza1DkEMVXWC4E8SvsGdlgEza47HYi2WhVcgfkvf4zgUGzuhbq3Pjlew==",
      "dev": true
    },
    "mathjax": {
      "version": "4.1.3",
      "resolved": "https://registry.npmjs.org/mathjax/-/mathjax-4.1.3.tgz",
      "integrity": "sha512-BN/8Pkgn7G1pIDYJqd9md+JHsE/jydSYbyOZnSdSA0WziuVO8mRxdYiWFumkVVly/8U+hm9DpIIoWuvySverzw==",
      "dev": true,
      "requires": {
        "@mathjax/mathjax-newcm-font": "^4.1.3"
      }
    }
  }
}
