{
  "name": "manual",
  "version": "0.1.0",
  "lockfileVersion": 2,
  "requires": true,
  "packages": {
    "": {
      "name": "manual",
      "version": "0.1.0",
      "dependencies": {
        "mathjax": "^4.1.1"
      }
    },
    "node_modules/@mathjax/mathjax-newcm-font": {
      "version": "4.1.1",
      "resolved": "https://registry.npmjs.org/@mathjax/mathjax-newcm-font/-/mathjax-newcm-font-4.1.1.tgz",
      "integrity": "sha512-LeV5AWzoR7k/k2tg5mW0Ad3Jr9oK9guW/zBUIP8aoiIZcZIhvAV9dlbtUSqSe1wgEBUP1KOcJXcrE/NxOqkxlQ=="
    },
    "node_modules/mathjax": {
      "version": "4.1.1",
      "resolved": "https://registry.npmjs.org/mathjax/-/mathjax-4.1.1.tgz",
      "integrity": "sha512-NyvA8c39LUUM/m+oCg7sfA13hmw7yGkre5kiRWN9qzChCyhce39lecnbjgMA/oEUgq9Vyetk6u78apwcIXpW/A==",
      "dependencies": {
        "@mathjax/mathjax-newcm-font": "^4.1.1"
      }
    }
  },
  "dependencies": {
    "@mathjax/mathjax-newcm-font": {
      "version": "4.1.1",
      "resolved": "https://registry.npmjs.org/@mathjax/mathjax-newcm-font/-/mathjax-newcm-font-4.1.1.tgz",
      "integrity": "sha512-LeV5AWzoR7k/k2tg5mW0Ad3Jr9oK9guW/zBUIP8aoiIZcZIhvAV9dlbtUSqSe1wgEBUP1KOcJXcrE/NxOqkxlQ=="
    },
    "mathjax": {
      "version": "4.1.1",
      "resolved": "https://registry.npmjs.org/mathjax/-/mathjax-4.1.1.tgz",
      "integrity": "sha512-NyvA8c39LUUM/m+oCg7sfA13hmw7yGkre5kiRWN9qzChCyhce39lecnbjgMA/oEUgq9Vyetk6u78apwcIXpW/A==",
      "requires": {
        "@mathjax/mathjax-newcm-font": "^4.1.1"
      }
    }
  }
}
